
Microsoft Visual Studio Solution File, Format Version 11.00
# Visual C# Express 2010
Project("{FAE04EC0-301F-11D3-BF4B-00C04F79EFBC}") = "Project_X's", "Project_X's\Project_X's\Project_X's.csproj", "{211E174C-84A9-4DB0-A3AC-D8496A0DBDED}"
EndProject
Project("{96E2B04D-8817-42C6-938A-82C39BA4D311}") = "Project_X'sContent", "Project_X's\Project_X'sContent\Project_X'sContent.contentproj", "{D8CC7E72-2ABA-403E-837F-2AC8E4EDB04B}"
EndProject
Global
	GlobalSection(SolutionConfigurationPlatforms) = preSolution
		Debug|x86 = Debug|x86
		Release|x86 = Release|x86
	EndGlobalSection
	GlobalSection(ProjectConfigurationPlatforms) = postSolution
		{211E174C-84A9-4DB0-A3AC-D8496A0DBDED}.Debug|x86.ActiveCfg = Debug|x86
		{211E174C-84A9-4DB0-A3AC-D8496A0DBDED}.Debug|x86.Build.0 = Debug|x86
		{211E174C-84A9-4DB0-A3AC-D8496A0DBDED}.Release|x86.ActiveCfg = Release|x86
		{211E174C-84A9-4DB0-A3AC-D8496A0DBDED}.Release|x86.Build.0 = Release|x86
		{D8CC7E72-2ABA-403E-837F-2AC8E4EDB04B}.Debug|x86.ActiveCfg = Debug|x86
		{D8CC7E72-2ABA-403E-837F-2AC8E4EDB04B}.Release|x86.ActiveCfg = Release|x86
	EndGlobalSection
	GlobalSection(SolutionProperties) = preSolution
		HideSolutionNode = FALSE
	EndGlobalSection
EndGlobal
